
Microsoft Visual Studio Solution File, Format Version 12.00
# Visual Studio Version 17
VisualStudioVersion = 17.9.34701.34
MinimumVisualStudioVersion = 10.0.40219.1
Project("{888888A0-9F3D-457C-B088-3A5042F75D52}") = "R2_T1_C1RetoB", "R2_T1_C1RetoB\R2_T1_C1RetoB.pyproj", "{5FB47D09-7903-495E-B01D-BA445710DD79}"
EndProject
Global
	GlobalSection(SolutionConfigurationPlatforms) = preSolution
		Debug|Any CPU = Debug|Any CPU
		Release|Any CPU = Release|Any CPU
	EndGlobalSection
	GlobalSection(ProjectConfigurationPlatforms) = postSolution
		{5FB47D09-7903-495E-B01D-BA445710DD79}.Debug|Any CPU.ActiveCfg = Debug|Any CPU
		{5FB47D09-7903-495E-B01D-BA445710DD79}.Release|Any CPU.ActiveCfg = Release|Any CPU
	EndGlobalSection
	GlobalSection(SolutionProperties) = preSolution
		HideSolutionNode = FALSE
	EndGlobalSection
	GlobalSection(ExtensibilityGlobals) = postSolution
		SolutionGuid = {62ABB125-1A78-4DB7-9C70-22F32038169E}
	EndGlobalSection
EndGlobal
