
Microsoft Visual Studio Solution File, Format Version 12.00
# Visual Studio Version 17
VisualStudioVersion = 17.9.34714.143
MinimumVisualStudioVersion = 10.0.40219.1
Project("{888888A0-9F3D-457C-B088-3A5042F75D52}") = "TAREA1 MRGM RDA2", "TAREA1 MRGM RDA2\TAREA1 MRGM RDA2.pyproj", "{727A4775-B8DA-4911-A179-3888B509FF15}"
EndProject
Global
	GlobalSection(SolutionConfigurationPlatforms) = preSolution
		Debug|Any CPU = Debug|Any CPU
		Release|Any CPU = Release|Any CPU
	EndGlobalSection
	GlobalSection(ProjectConfigurationPlatforms) = postSolution
		{727A4775-B8DA-4911-A179-3888B509FF15}.Debug|Any CPU.ActiveCfg = Debug|Any CPU
		{727A4775-B8DA-4911-A179-3888B509FF15}.Release|Any CPU.ActiveCfg = Release|Any CPU
	EndGlobalSection
	GlobalSection(SolutionProperties) = preSolution
		HideSolutionNode = FALSE
	EndGlobalSection
	GlobalSection(ExtensibilityGlobals) = postSolution
		SolutionGuid = {E67B78AB-1DCB-4FB0-8B4D-0C17FEFC24DA}
	EndGlobalSection
EndGlobal
