
Microsoft Visual Studio Solution File, Format Version 12.00
# Visual Studio Version 17
VisualStudioVersion = 17.9.34723.18
MinimumVisualStudioVersion = 10.0.40219.1
Project("{888888A0-9F3D-457C-B088-3A5042F75D52}") = "R2_C1_T1_A", "R2_C1_T1_A\R2_C1_T1_A.pyproj", "{AEE4049A-83ED-4729-8FAD-885075A25EEE}"
EndProject
Global
	GlobalSection(SolutionConfigurationPlatforms) = preSolution
		Debug|Any CPU = Debug|Any CPU
		Release|Any CPU = Release|Any CPU
	EndGlobalSection
	GlobalSection(ProjectConfigurationPlatforms) = postSolution
		{AEE4049A-83ED-4729-8FAD-885075A25EEE}.Debug|Any CPU.ActiveCfg = Debug|Any CPU
		{AEE4049A-83ED-4729-8FAD-885075A25EEE}.Release|Any CPU.ActiveCfg = Release|Any CPU
	EndGlobalSection
	GlobalSection(SolutionProperties) = preSolution
		HideSolutionNode = FALSE
	EndGlobalSection
	GlobalSection(ExtensibilityGlobals) = postSolution
		SolutionGuid = {D1BE478C-0E35-4C92-82B0-660F40E14886}
	EndGlobalSection
EndGlobal
