
Microsoft Visual Studio Solution File, Format Version 12.00
# Visual Studio Version 17
VisualStudioVersion = 17.9.34723.18
MinimumVisualStudioVersion = 10.0.40219.1
Project("{888888A0-9F3D-457C-B088-3A5042F75D52}") = "R2_C1_T1_B", "R2_C1_T1_B\R2_C1_T1_B.pyproj", "{7FD6C82D-43D9-4FE2-9DD1-448F76CED5D6}"
EndProject
Global
	GlobalSection(SolutionConfigurationPlatforms) = preSolution
		Debug|Any CPU = Debug|Any CPU
		Release|Any CPU = Release|Any CPU
	EndGlobalSection
	GlobalSection(ProjectConfigurationPlatforms) = postSolution
		{7FD6C82D-43D9-4FE2-9DD1-448F76CED5D6}.Debug|Any CPU.ActiveCfg = Debug|Any CPU
		{7FD6C82D-43D9-4FE2-9DD1-448F76CED5D6}.Release|Any CPU.ActiveCfg = Release|Any CPU
	EndGlobalSection
	GlobalSection(SolutionProperties) = preSolution
		HideSolutionNode = FALSE
	EndGlobalSection
	GlobalSection(ExtensibilityGlobals) = postSolution
		SolutionGuid = {3C396296-0ADB-411D-A75D-1A62660BBE2B}
	EndGlobalSection
EndGlobal
