
Microsoft Visual Studio Solution File, Format Version 12.00
# Visual Studio Version 17
VisualStudioVersion = 17.9.34714.143
MinimumVisualStudioVersion = 10.0.40219.1
Project("{888888A0-9F3D-457C-B088-3A5042F75D52}") = "RetoA.py", "RetoA.py\RetoA.py.pyproj", "{23BA60AA-C754-4032-B0E3-0751086F1619}"
EndProject
Global
	GlobalSection(SolutionConfigurationPlatforms) = preSolution
		Debug|Any CPU = Debug|Any CPU
		Release|Any CPU = Release|Any CPU
	EndGlobalSection
	GlobalSection(ProjectConfigurationPlatforms) = postSolution
		{23BA60AA-C754-4032-B0E3-0751086F1619}.Debug|Any CPU.ActiveCfg = Debug|Any CPU
		{23BA60AA-C754-4032-B0E3-0751086F1619}.Release|Any CPU.ActiveCfg = Release|Any CPU
	EndGlobalSection
	GlobalSection(SolutionProperties) = preSolution
		HideSolutionNode = FALSE
	EndGlobalSection
	GlobalSection(ExtensibilityGlobals) = postSolution
		SolutionGuid = {B819DC74-0995-45A6-9C69-0DDAF8F50851}
	EndGlobalSection
EndGlobal
